
Microsoft Visual Studio Solution File, Format Version 12.00
# Visual Studio Version 17
VisualStudioVersion = 17.0.31919.166
MinimumVisualStudioVersion = 10.0.40219.1
Project("{FAE04EC0-301F-11D3-BF4B-00C04F79EFBC}") = "Kelime_Ezberleme", "Kelime_Ezberleme\Kelime_Ezberleme.csproj", "{3E70CAEE-DA7D-4BB4-9D39-32585E3B4D28}"
EndProject
Project("{2150E333-8FDC-42A3-9474-1A3956D46DE8}") = "Concrete", "Concrete", "{A1F42347-2539-4B22-BC75-F3EE80B672AC}"
	ProjectSection(SolutionItems) = preProject
		Kelime_Ezberleme\Dictionary.cs = Kelime_Ezberleme\Dictionary.cs
	EndProjectSection
EndProject
Global
	GlobalSection(SolutionConfigurationPlatforms) = preSolution
		Debug|Any CPU = Debug|Any CPU
		Release|Any CPU = Release|Any CPU
	EndGlobalSection
	GlobalSection(ProjectConfigurationPlatforms) = postSolution
		{3E70CAEE-DA7D-4BB4-9D39-32585E3B4D28}.Debug|Any CPU.ActiveCfg = Debug|Any CPU
		{3E70CAEE-DA7D-4BB4-9D39-32585E3B4D28}.Debug|Any CPU.Build.0 = Debug|Any CPU
		{3E70CAEE-DA7D-4BB4-9D39-32585E3B4D28}.Release|Any CPU.ActiveCfg = Release|Any CPU
		{3E70CAEE-DA7D-4BB4-9D39-32585E3B4D28}.Release|Any CPU.Build.0 = Release|Any CPU
	EndGlobalSection
	GlobalSection(SolutionProperties) = preSolution
		HideSolutionNode = FALSE
	EndGlobalSection
	GlobalSection(ExtensibilityGlobals) = postSolution
		SolutionGuid = {C898CB79-9751-49C9-B6DE-9E9B64E907E0}
	EndGlobalSection
EndGlobal
